{
  "name": "scienceforukraine-website",
  "version": "3.0.0",
  "lockfileVersion": 3,
  "requires": true,
  "packages": {
    "": {
      "name": "scienceforukraine-website",
      "version": "3.0.0",
      "license": "ISC",
      "dependencies": {
        "marked": "^18.0.5",
        "papaparse": "^5.5.4"
      }
    },
    "node_modules/marked": {
      "version": "18.0.6",
      "resolved": "https://registry.npmjs.org/marked/-/marked-18.0.6.tgz",
      "integrity": "sha512-MrV5puXBfuiy6wl6DLaq3BtIJQAJToAd5zt/ZKhRfGRAuFPALE7/4Y7jnxRQoEgK/pBgurGqLyAuRgZ2xOjr6w==",
      "license": "MIT",
      "bin": {
        "marked": "bin/marked.js"
      },
      "engines": {
        "node": ">= 20"
      }
    },
    "node_modules/papaparse": {
      "version": "5.5.4",
      "resolved": "https://registry.npmjs.org/papaparse/-/papaparse-5.5.4.tgz",
      "integrity": "sha512-SwzWD9gl/ElwYLCI0nUja1mFJzjq2D8ziShfNBa7zCHzkOozeOGDwHWQ+tvCzEZcewecWZ5U7kUopDnG+DFYEQ==",
      "license": "MIT"
    }
  }
}
